# This file is autogenerated, do not edit; changes may be undone by the next 'dep ensure'.


[[projects]]
  branch = "master"
  digest = "1:923a8d648a9b95dcfe444204d4f2b2df2ec7f2fa48fb4a705ffef7c5d3541211"
  name = "golang.org/x/lint"
  packages = [
    ".",
    "golint",
  ]
  pruneopts = ""
  revision = "06c8688daad7faa9da5a0c2f163a3d14aac986ca"

[[projects]]
  branch = "master"
  digest = "1:3b1b5e1c7268796692c39157a243d247073db39928c2cfdde66e686c522a335c"
  name = "golang.org/x/tools"
  packages = [
    "go/ast/astutil",
    "go/gcexportdata",
    "go/internal/gcimporter",
    "go/types/typeutil",
  ]
  pruneopts = ""
  revision = "f6ba5742950514ddd66494151ed5498ed77969ca"

[solve-meta]
  analyzer-name = "dep"
  analyzer-version = 1
  input-imports = ["golang.org/x/lint/golint"]
  solver-name = "gps-cdcl"
  solver-version = 1
